dependencies:
- name: argo-cd
  repository: https://argoproj.github.io/argo-helm
  version: 7.1.3
- name: sealed-secrets
  repository: https://bitnami-labs.github.io/sealed-secrets
  version: 2.15.4
- name: cert-manager
  repository: https://charts.jetstack.io
  version: v1.14.5
- name: ingress-nginx
  repository: https://kubernetes.github.io/ingress-nginx
  version: 4.10.1
digest: sha256:f86914632e06a37d8a3c7b7188c3d6e2ee39a05d81302b8aba15151ad387cb0a
generated: "2024-06-13T11:59:36.886718813+03:00"
