dependencies:
- name: flink-kubernetes-operator
  repository: https://downloads.apache.org/flink/flink-kubernetes-operator-1.8.0/
  version: 1.8.0
- name: superset
  repository: http://apache.github.io/superset/
  version: 0.12.11
- name: argocd-apps
  repository: https://argoproj.github.io/argo-helm
  version: 2.0.0
digest: sha256:201cbc978a5ffeb9f123fd00d20252d4cbb92ed670247bc53f7d5a7a4a2fcf3d
generated: "2024-06-11T22:09:27.74772448+03:00"
