dependencies:
- name: flink-kubernetes-operator
  repository: https://downloads.apache.org/flink/flink-kubernetes-operator-1.8.0/
  version: 1.8.0
- name: superset
  repository: http://apache.github.io/superset/
  version: 0.12.11
- name: cert-manager
  repository: https://charts.jetstack.io
  version: v1.14.5
digest: sha256:b137186a1370bb1550c4abe1718003aec5c84ff9427edb87e7448ec61310194a
generated: "2024-06-11T19:29:17.957012839+03:00"
